
Microsoft Visual Studio Solution File, Format Version 11.00
# Visual Studio 2010
Project("{FAE04EC0-301F-11D3-BF4B-00C04F79EFBC}") = "Assembly-CSharp", "Assembly-CSharp.csproj", "{0C629EF1-01B8-05E2-391C-D2CCA76EF7C4}"
EndProject
Project("{FAE04EC0-301F-11D3-BF4B-00C04F79EFBC}") = "Assembly-CSharp-Editor", "Assembly-CSharp-Editor.csproj", "{EAF1FB6D-2FCC-9EA1-1AAD-36F21DC8ED55}"
EndProject
Global
	GlobalSection(SolutionConfigurationPlatforms) = preSolution
		Debug|Any CPU = Debug|Any CPU
		Release|Any CPU = Release|Any CPU
	EndGlobalSection
	GlobalSection(ProjectConfigurationPlatforms) = postSolution
		{0C629EF1-01B8-05E2-391C-D2CCA76EF7C4}.Debug|Any CPU.ActiveCfg = Debug|Any CPU
		{0C629EF1-01B8-05E2-391C-D2CCA76EF7C4}.Debug|Any CPU.Build.0 = Debug|Any CPU
		{0C629EF1-01B8-05E2-391C-D2CCA76EF7C4}.Release|Any CPU.ActiveCfg = Release|Any CPU
		{0C629EF1-01B8-05E2-391C-D2CCA76EF7C4}.Release|Any CPU.Build.0 = Release|Any CPU
		{EAF1FB6D-2FCC-9EA1-1AAD-36F21DC8ED55}.Debug|Any CPU.ActiveCfg = Debug|Any CPU
		{EAF1FB6D-2FCC-9EA1-1AAD-36F21DC8ED55}.Debug|Any CPU.Build.0 = Debug|Any CPU
		{EAF1FB6D-2FCC-9EA1-1AAD-36F21DC8ED55}.Release|Any CPU.ActiveCfg = Release|Any CPU
		{EAF1FB6D-2FCC-9EA1-1AAD-36F21DC8ED55}.Release|Any CPU.Build.0 = Release|Any CPU
	EndGlobalSection
	GlobalSection(SolutionProperties) = preSolution
		HideSolutionNode = FALSE
	EndGlobalSection
	GlobalSection(MonoDevelopProperties) = preSolution
		StartupItem = Assembly-CSharp.csproj
	EndGlobalSection
EndGlobal
